
Microsoft Visual Studio Solution File, Format Version 12.00
# Visual Studio Version 17
VisualStudioVersion = 17.14.36603.0
MinimumVisualStudioVersion = 10.0.40219.1
Project("{FAE04EC0-301F-11D3-BF4B-00C04F79EFBC}") = "Proyecto1", "Proyecto1\Proyecto1.csproj", "{4520E574-FC67-4143-87BA-24D2937FA08D}"
EndProject
Project("{FAE04EC0-301F-11D3-BF4B-00C04F79EFBC}") = "Proyecto2", "Proyecto2\Proyecto2.csproj", "{171AB876-1339-4C76-BD40-62E04DE7DA7E}"
EndProject
Global
	GlobalSection(SolutionConfigurationPlatforms) = preSolution
		Debug|Any CPU = Debug|Any CPU
		Release|Any CPU = Release|Any CPU
	EndGlobalSection
	GlobalSection(ProjectConfigurationPlatforms) = postSolution
		{4520E574-FC67-4143-87BA-24D2937FA08D}.Debug|Any CPU.ActiveCfg = Debug|Any CPU
		{4520E574-FC67-4143-87BA-24D2937FA08D}.Debug|Any CPU.Build.0 = Debug|Any CPU
		{4520E574-FC67-4143-87BA-24D2937FA08D}.Release|Any CPU.ActiveCfg = Release|Any CPU
		{4520E574-FC67-4143-87BA-24D2937FA08D}.Release|Any CPU.Build.0 = Release|Any CPU
		{171AB876-1339-4C76-BD40-62E04DE7DA7E}.Debug|Any CPU.ActiveCfg = Debug|Any CPU
		{171AB876-1339-4C76-BD40-62E04DE7DA7E}.Debug|Any CPU.Build.0 = Debug|Any CPU
		{171AB876-1339-4C76-BD40-62E04DE7DA7E}.Release|Any CPU.ActiveCfg = Release|Any CPU
		{171AB876-1339-4C76-BD40-62E04DE7DA7E}.Release|Any CPU.Build.0 = Release|Any CPU
	EndGlobalSection
	GlobalSection(SolutionProperties) = preSolution
		HideSolutionNode = FALSE
	EndGlobalSection
	GlobalSection(ExtensibilityGlobals) = postSolution
		SolutionGuid = {922CA710-988A-4060-8FBA-F54448219B2F}
	EndGlobalSection
EndGlobal
